{
    "_readme": [
        "This file locks the dependencies of your project to a known state",
        "Read more about it at https://getcomposer.org/doc/01-basic-usage.md#composer-lock-the-lock-file",
        "This file is @generated automatically"
    ],
    "hash": "80475598b61ea30a463b2755bda036dc",
    "packages": [
        {
            "name": "blueimp/jquery-file-upload",
            "version": "dev-master",
            "source": {
                "type": "git",
                "url": "https://github.com/vkhramtsov/jQuery-File-Upload.git",
                "reference": "53a53e17b745fda8c549c036afec9abc20a08b08"
            },
            "dist": {
                "type": "zip",
                "url": "https://api.github.com/repos/vkhramtsov/jQuery-File-Upload/zipball/53a53e17b745fda8c549c036afec9abc20a08b08",
                "reference": "53a53e17b745fda8c549c036afec9abc20a08b08",
                "shasum": ""
            },
            "type": "library",
            "notification-url": "https://packagist.org/downloads/",
            "license": [
                "MIT"
            ],
            "authors": [
                {
                    "name": "Sebastian Tschan",
                    "homepage": "https://blueimp.net"
                }
            ],
            "description": "File Upload widget for jQuery.",
            "homepage": "https://github.com/blueimp/jQuery-File-Upload",
            "keywords": [
                "bootstrap",
                "chunk",
                "cross-domain",
                "cross-site",
                "drag",
                "drop",
                "file",
                "gae",
                "go",
                "jquery",
                "multiple",
                "php",
                "preview",
                "progress",
                "python",
                "resume",
                "selection",
                "upload",
                "widget"
            ],
            "time": "2015-07-27 05:45:31"
        },
        {
            "name": "imagine/imagine",
            "version": "dev-develop",
            "source": {
                "type": "git",
                "url": "https://github.com/avalanche123/Imagine.git",
                "reference": "f93b6895f4567136528448263cc1fe71ee8504ce"
            },
            "dist": {
                "type": "zip",
                "url": "https://api.github.com/repos/avalanche123/Imagine/zipball/f93b6895f4567136528448263cc1fe71ee8504ce",
                "reference": "f93b6895f4567136528448263cc1fe71ee8504ce",
                "shasum": ""
            },
            "require": {
                "php": ">=5.3.2"
            },
            "require-dev": {
                "sami/sami": "dev-master"
            },
            "suggest": {
                "ext-gd": "to use the GD implementation",
                "ext-gmagick": "to use the Gmagick implementation",
                "ext-imagick": "to use the Imagick implementation"
            },
            "type": "library",
            "extra": {
                "branch-alias": {
                    "dev-develop": "0.6-dev"
                }
            },
            "autoload": {
                "psr-0": {
                    "Imagine": "lib/"
                }
            },
            "notification-url": "https://packagist.org/downloads/",
            "license": [
                "MIT"
            ],
            "authors": [
                {
                    "name": "Bulat Shakirzyanov",
                    "email": "mallluhuct@gmail.com",
                    "homepage": "http://avalanche123.com"
                }
            ],
            "description": "Image processing for PHP 5.3",
            "homepage": "http://imagine.readthedocs.org/",
            "keywords": [
                "drawing",
                "graphics",
                "image manipulation",
                "image processing"
            ],
            "time": "2014-04-09 21:47:26"
        },
        {
            "name": "phpmailer/phpmailer",
            "version": "dev-master",
            "source": {
                "type": "git",
                "url": "https://github.com/PHPMailer/PHPMailer.git",
                "reference": "1193eb9d280f046fb3726c0124ea171f216328fd"
            },
            "dist": {
                "type": "zip",
                "url": "https://api.github.com/repos/PHPMailer/PHPMailer/zipball/1193eb9d280f046fb3726c0124ea171f216328fd",
                "reference": "1193eb9d280f046fb3726c0124ea171f216328fd",
                "shasum": ""
            },
            "require": {
                "php": ">=5.0.0"
            },
            "require-dev": {
                "phpdocumentor/phpdocumentor": "*",
                "phpunit/phpunit": "4.3.*"
            },
            "type": "library",
            "autoload": {
                "classmap": [
                    "class.phpmailer.php",
                    "class.smtp.php",
                    "class.pop3.php",
                    "extras/EasyPeasyICS.php",
                    "extras/ntlm_sasl_client.php"
                ]
            },
            "notification-url": "https://packagist.org/downloads/",
            "license": [
                "LGPL-2.1"
            ],
            "authors": [
                {
                    "name": "Jim Jagielski",
                    "email": "jimjag@gmail.com"
                },
                {
                    "name": "Marcus Bointon",
                    "email": "phpmailer@synchromedia.co.uk"
                },
                {
                    "name": "Andy Prevost",
                    "email": "codeworxtech@users.sourceforge.net"
                },
                {
                    "name": "Brent R. Matzelle"
                }
            ],
            "description": "PHPMailer is a full-featured email creation and transfer class for PHP",
            "time": "2015-07-22 12:18:59"
        },
        {
            "name": "phpoffice/phpexcel",
            "version": "dev-develop",
            "source": {
                "type": "git",
                "url": "https://github.com/PHPOffice/PHPExcel.git",
                "reference": "4f6d009ba5fad66cdbc48c26fe984858db34e138"
            },
            "dist": {
                "type": "zip",
                "url": "https://api.github.com/repos/PHPOffice/PHPExcel/zipball/4f6d009ba5fad66cdbc48c26fe984858db34e138",
                "reference": "4f6d009ba5fad66cdbc48c26fe984858db34e138",
                "shasum": ""
            },
            "require": {
                "ext-xml": "*",
                "ext-xmlwriter": "*",
                "php": ">=5.2.0"
            },
            "require-dev": {
                "squizlabs/php_codesniffer": "2.*"
            },
            "type": "library",
            "autoload": {
                "psr-0": {
                    "PHPExcel": "Classes/"
                }
            },
            "notification-url": "https://packagist.org/downloads/",
            "license": [
                "LGPL"
            ],
            "authors": [
                {
                    "name": "Maarten Balliauw",
                    "homepage": "http://blog.maartenballiauw.be"
                },
                {
                    "name": "Mark Baker"
                },
                {
                    "name": "Erik Tilt"
                },
                {
                    "name": "Franck Lefevre",
                    "homepage": "http://rootslabs.net"
                }
            ],
            "description": "PHPExcel - OpenXML - Read, Create and Write Spreadsheet documents in PHP - Spreadsheet engine",
            "homepage": "http://phpexcel.codeplex.com",
            "keywords": [
                "OpenXML",
                "excel",
                "php",
                "spreadsheet",
                "xls",
                "xlsx"
            ],
            "time": "2015-05-24 13:16:04"
        }
    ],
    "packages-dev": [],
    "aliases": [],
    "minimum-stability": "stable",
    "stability-flags": {
        "imagine/imagine": 20,
        "blueimp/jquery-file-upload": 20,
        "phpoffice/phpexcel": 20,
        "phpmailer/phpmailer": 20
    },
    "prefer-stable": false,
    "prefer-lowest": false,
    "platform": [],
    "platform-dev": []
}
